
Microsoft Visual Studio Solution File, Format Version 12.00
# Visual Studio Version 16
VisualStudioVersion = 16.0.29709.97
MinimumVisualStudioVersion = 10.0.40219.1
Project("{FAE04EC0-301F-11D3-BF4B-00C04F79EFBC}") = "Evaluación scripting", "Evaluación scripting.csproj", "{663FAFA6-F792-434A-99F3-3CAFA6BA9DAA}"
EndProject
Global
	GlobalSection(SolutionConfigurationPlatforms) = preSolution
		Debug|Any CPU = Debug|Any CPU
		Release|Any CPU = Release|Any CPU
	EndGlobalSection
	GlobalSection(ProjectConfigurationPlatforms) = postSolution
		{663FAFA6-F792-434A-99F3-3CAFA6BA9DAA}.Debug|Any CPU.ActiveCfg = Debug|Any CPU
		{663FAFA6-F792-434A-99F3-3CAFA6BA9DAA}.Debug|Any CPU.Build.0 = Debug|Any CPU
		{663FAFA6-F792-434A-99F3-3CAFA6BA9DAA}.Release|Any CPU.ActiveCfg = Release|Any CPU
		{663FAFA6-F792-434A-99F3-3CAFA6BA9DAA}.Release|Any CPU.Build.0 = Release|Any CPU
	EndGlobalSection
	GlobalSection(SolutionProperties) = preSolution
		HideSolutionNode = FALSE
	EndGlobalSection
	GlobalSection(ExtensibilityGlobals) = postSolution
		SolutionGuid = {02F9D39D-E9A9-4F48-B672-FA505F8146FE}
	EndGlobalSection
EndGlobal
